
Microsoft Visual Studio Solution File, Format Version 12.00
# Visual Studio Version 16
VisualStudioVersion = 16.0.31205.134
MinimumVisualStudioVersion = 10.0.40219.1
Project("{FAE04EC0-301F-11D3-BF4B-00C04F79EFBC}") = "Snake2", "Snake2\Snake2.csproj", "{46F4D0ED-B4B2-4004-90F8-0B7C77B86890}"
EndProject
Global
	GlobalSection(SolutionConfigurationPlatforms) = preSolution
		Debug|Any CPU = Debug|Any CPU
		Release|Any CPU = Release|Any CPU
	EndGlobalSection
	GlobalSection(ProjectConfigurationPlatforms) = postSolution
		{46F4D0ED-B4B2-4004-90F8-0B7C77B86890}.Debug|Any CPU.ActiveCfg = Debug|Any CPU
		{46F4D0ED-B4B2-4004-90F8-0B7C77B86890}.Debug|Any CPU.Build.0 = Debug|Any CPU
		{46F4D0ED-B4B2-4004-90F8-0B7C77B86890}.Release|Any CPU.ActiveCfg = Release|Any CPU
		{46F4D0ED-B4B2-4004-90F8-0B7C77B86890}.Release|Any CPU.Build.0 = Release|Any CPU
	EndGlobalSection
	GlobalSection(SolutionProperties) = preSolution
		HideSolutionNode = FALSE
	EndGlobalSection
	GlobalSection(ExtensibilityGlobals) = postSolution
		SolutionGuid = {61C2E2B7-29A8-4933-928D-FB8C6C8BED95}
	EndGlobalSection
EndGlobal
